// !$*UTF8*$!
{
	archiveVersion = 1;
	classes = {
	};
	objectVersion = 46;
	objects = {

/* Begin PBXBuildFile section */
		1748C1811F93E50F0047BDE0 /* RequestTestCase.swift in Sources */ = {isa = PBXBuildFile; fileRef = 1748C1801F93E50F0047BDE0 /* RequestTestCase.swift */; };
		1748C1831F93E8320047BDE0 /* ExecuteDataTaskTestCase.swift in Sources */ = {isa = PBXBuildFile; fileRef = 1748C1821F93E8320047BDE0 /* ExecuteDataTaskTestCase.swift */; };
		1748C1851F93E87E0047BDE0 /* BasicNetworkTestCase.swift in Sources */ = {isa = PBXBuildFile; fileRef = 1748C1841F93E87E0047BDE0 /* BasicNetworkTestCase.swift */; };
		1748C1871F93F1F40047BDE0 /* ExecuteJSONTaskTestCase.swift in Sources */ = {isa = PBXBuildFile; fileRef = 1748C1861F93F1F40047BDE0 /* ExecuteJSONTaskTestCase.swift */; };
		1748C1891F93F2230047BDE0 /* JSONRequestTestCase.swift in Sources */ = {isa = PBXBuildFile; fileRef = 1748C1881F93F2220047BDE0 /* JSONRequestTestCase.swift */; };
		1748C1901F9405E20047BDE0 /* -[ExecuteDataTaskTestCase testBasicGETRequest].json in Resources */ = {isa = PBXBuildFile; fileRef = 1748C18D1F94043E0047BDE0 /* -[ExecuteDataTaskTestCase testBasicGETRequest].json */; };
		1748C1921F94061B0047BDE0 /* -[ExecuteDataTaskTestCase testBasicPATCHRequest].json in Resources */ = {isa = PBXBuildFile; fileRef = 1748C1911F9406190047BDE0 /* -[ExecuteDataTaskTestCase testBasicPATCHRequest].json */; };
		1748C1941F9406300047BDE0 /* -[ExecuteDataTaskTestCase testBasicPOSTRequest].json in Resources */ = {isa = PBXBuildFile; fileRef = 1748C1931F94062D0047BDE0 /* -[ExecuteDataTaskTestCase testBasicPOSTRequest].json */; };
		1748C1961F9406470047BDE0 /* -[ExecuteJSONTaskTestCase testBasicGETRequest].json in Resources */ = {isa = PBXBuildFile; fileRef = 1748C1951F9406450047BDE0 /* -[ExecuteJSONTaskTestCase testBasicGETRequest].json */; };
		1748C1981F9406580047BDE0 /* -[ExecuteJSONTaskTestCase testBasicPATCHRequest].json in Resources */ = {isa = PBXBuildFile; fileRef = 1748C1971F9406560047BDE0 /* -[ExecuteJSONTaskTestCase testBasicPATCHRequest].json */; };
		1748C19A1F9406790047BDE0 /* -[ExecuteJSONTaskTestCase testBasicPOSTRequest].json in Resources */ = {isa = PBXBuildFile; fileRef = 1748C1991F9406760047BDE0 /* -[ExecuteJSONTaskTestCase testBasicPOSTRequest].json */; };
		1748C1A21F9410C10047BDE0 /* CodableRequestTestCase.swift in Sources */ = {isa = PBXBuildFile; fileRef = 1748C1A11F9410C10047BDE0 /* CodableRequestTestCase.swift */; };
		1748C1A41F94124F0047BDE0 /* ExecuteCodableRequestTestCase.swift in Sources */ = {isa = PBXBuildFile; fileRef = 1748C1A31F94124F0047BDE0 /* ExecuteCodableRequestTestCase.swift */; };
		1748C1AA1F941D520047BDE0 /* -[ExecuteCodableRequestTestCase testBasicGETRequest].json in Resources */ = {isa = PBXBuildFile; fileRef = 1748C1A91F941D4D0047BDE0 /* -[ExecuteCodableRequestTestCase testBasicGETRequest].json */; };
		1748C1AC1F941D690047BDE0 /* -[ExecuteCodableRequestTestCase testBasicPOSTRequest].json in Resources */ = {isa = PBXBuildFile; fileRef = 1748C1AB1F941D660047BDE0 /* -[ExecuteCodableRequestTestCase testBasicPOSTRequest].json */; };
		1748C1B11F941E8B0047BDE0 /* -[ExecuteCodableRequestTestCase testBasicPATCHRequest].json in Resources */ = {isa = PBXBuildFile; fileRef = 1748C1B01F941E860047BDE0 /* -[ExecuteCodableRequestTestCase testBasicPATCHRequest].json */; };
		17DAEC4D1F3163D500E16EF0 /* PlainViewController.swift in Sources */ = {isa = PBXBuildFile; fileRef = 17DAEC4C1F3163D500E16EF0 /* PlainViewController.swift */; };
		17DAEC5F1F31709700E16EF0 /* PlainViewControllerTestCase.swift in Sources */ = {isa = PBXBuildFile; fileRef = 17DAEC5E1F31709700E16EF0 /* PlainViewControllerTestCase.swift */; };
		17DAEC611F3171AA00E16EF0 /* ErrorViewController.swift in Sources */ = {isa = PBXBuildFile; fileRef = 17DAEC601F3171AA00E16EF0 /* ErrorViewController.swift */; };
		17FF42D61F34E4830039E267 /* ErrorViewControllerTestCase.swift in Sources */ = {isa = PBXBuildFile; fileRef = 17FF42D51F34E4830039E267 /* ErrorViewControllerTestCase.swift */; };
		17FF42D81F34EB710039E267 /* StackingViewTestCase.swift in Sources */ = {isa = PBXBuildFile; fileRef = 17FF42D71F34EB710039E267 /* StackingViewTestCase.swift */; };
		17FF42DA1F34EB9C0039E267 /* UserInterfaceTestCase.swift in Sources */ = {isa = PBXBuildFile; fileRef = 17FF42D91F34EB9C0039E267 /* UserInterfaceTestCase.swift */; };
		17FF42DC1F34FD030039E267 /* WeakObjectSetTestCase.swift in Sources */ = {isa = PBXBuildFile; fileRef = 17FF42DB1F34FD030039E267 /* WeakObjectSetTestCase.swift */; };
		17FF42DE1F350A7E0039E267 /* AutoLayoutTestCase.swift in Sources */ = {isa = PBXBuildFile; fileRef = 17FF42DD1F350A7E0039E267 /* AutoLayoutTestCase.swift */; };
		38A4B6928626143317B8C1C9 /* Pods_SwiftyKit_Tests.framework in Frameworks */ = {isa = PBXBuildFile; fileRef = 5F06C842286E6E79327D4DEC /* Pods_SwiftyKit_Tests.framework */; };
		545024DBCD261C2CCC39D157 /* Pods_SwiftyKit_Example.framework in Frameworks */ = {isa = PBXBuildFile; fileRef = 16D74E51E7478F248FB48C4A /* Pods_SwiftyKit_Example.framework */; };
		607FACD61AFB9204008FA782 /* AppDelegate.swift in Sources */ = {isa = PBXBuildFile; fileRef = 607FACD51AFB9204008FA782 /* AppDelegate.swift */; };
		607FACD81AFB9204008FA782 /* ViewController.swift in Sources */ = {isa = PBXBuildFile; fileRef = 607FACD71AFB9204008FA782 /* ViewController.swift */; };
		607FACDB1AFB9204008FA782 /* Main.storyboard in Resources */ = {isa = PBXBuildFile; fileRef = 607FACD91AFB9204008FA782 /* Main.storyboard */; };
		607FACDD1AFB9204008FA782 /* Images.xcassets in Resources */ = {isa = PBXBuildFile; fileRef = 607FACDC1AFB9204008FA782 /* Images.xcassets */; };
		607FACE01AFB9204008FA782 /* LaunchScreen.xib in Resources */ = {isa = PBXBuildFile; fileRef = 607FACDE1AFB9204008FA782 /* LaunchScreen.xib */; };
		DE2875F5802462C080567656 /* Pods_SwiftyKit_Networking_Tests.framework in Frameworks */ = {isa = PBXBuildFile; fileRef = 9B0C45F7E5736F8DDD0100E3 /* Pods_SwiftyKit_Networking_Tests.framework */; };
/* End PBXBuildFile section */

/* Begin PBXContainerItemProxy section */
		17BFC15F1F4B9ABA00998351 /* PBXContainerItemProxy */ = {
			isa = PBXContainerItemProxy;
			containerPortal = 607FACC81AFB9204008FA782 /* Project object */;
			proxyType = 1;
			remoteGlobalIDString = 607FACCF1AFB9204008FA782;
			remoteInfo = SwiftyKit_Example;
		};
		17DAEC591F31706D00E16EF0 /* PBXContainerItemProxy */ = {
			isa = PBXContainerItemProxy;
			containerPortal = 607FACC81AFB9204008FA782 /* Project object */;
			proxyType = 1;
			remoteGlobalIDString = 607FACCF1AFB9204008FA782;
			remoteInfo = SwiftyKit_Example;
		};
		607FACE61AFB9204008FA782 /* PBXContainerItemProxy */ = {
			isa = PBXContainerItemProxy;
			containerPortal = 607FACC81AFB9204008FA782 /* Project object */;
			proxyType = 1;
			remoteGlobalIDString = 607FACCF1AFB9204008FA782;
			remoteInfo = SwiftyKit;
		};
/* End PBXContainerItemProxy section */

/* Begin PBXFileReference section */
		15701FDFB91859C27AC2E082 /* Pods-SwiftyKit_Example.release.xcconfig */ = {isa = PBXFileReference; includeInIndex = 1; lastKnownFileType = text.xcconfig; name = "Pods-SwiftyKit_Example.release.xcconfig"; path = "../Pods/Target Support Files/Pods-SwiftyKit_Example/Pods-SwiftyKit_Example.release.xcconfig"; sourceTree = "<group>"; };
		16D74E51E7478F248FB48C4A /* Pods_SwiftyKit_Example.framework */ = {isa = PBXFileReference; explicitFileType = wrapper.framework; includeInIndex = 0; path = Pods_SwiftyKit_Example.framework; sourceTree = BUILT_PRODUCTS_DIR; };
		1748C1801F93E50F0047BDE0 /* RequestTestCase.swift */ = {isa = PBXFileReference; lastKnownFileType = sourcecode.swift; path = RequestTestCase.swift; sourceTree = "<group>"; };
		1748C1821F93E8320047BDE0 /* ExecuteDataTaskTestCase.swift */ = {isa = PBXFileReference; lastKnownFileType = sourcecode.swift; path = ExecuteDataTaskTestCase.swift; sourceTree = "<group>"; };
		1748C1841F93E87E0047BDE0 /* BasicNetworkTestCase.swift */ = {isa = PBXFileReference; lastKnownFileType = sourcecode.swift; path = BasicNetworkTestCase.swift; sourceTree = "<group>"; };
		1748C1861F93F1F40047BDE0 /* ExecuteJSONTaskTestCase.swift */ = {isa = PBXFileReference; lastKnownFileType = sourcecode.swift; path = ExecuteJSONTaskTestCase.swift; sourceTree = "<group>"; };
		1748C1881F93F2220047BDE0 /* JSONRequestTestCase.swift */ = {isa = PBXFileReference; lastKnownFileType = sourcecode.swift; path = JSONRequestTestCase.swift; sourceTree = "<group>"; };
		1748C18D1F94043E0047BDE0 /* -[ExecuteDataTaskTestCase testBasicGETRequest].json */ = {isa = PBXFileReference; lastKnownFileType = text.json; path = "-[ExecuteDataTaskTestCase testBasicGETRequest].json"; sourceTree = "<group>"; };
		1748C1911F9406190047BDE0 /* -[ExecuteDataTaskTestCase testBasicPATCHRequest].json */ = {isa = PBXFileReference; lastKnownFileType = text.json; path = "-[ExecuteDataTaskTestCase testBasicPATCHRequest].json"; sourceTree = "<group>"; };
		1748C1931F94062D0047BDE0 /* -[ExecuteDataTaskTestCase testBasicPOSTRequest].json */ = {isa = PBXFileReference; lastKnownFileType = text.json; path = "-[ExecuteDataTaskTestCase testBasicPOSTRequest].json"; sourceTree = "<group>"; };
		1748C1951F9406450047BDE0 /* -[ExecuteJSONTaskTestCase testBasicGETRequest].json */ = {isa = PBXFileReference; lastKnownFileType = text.json; path = "-[ExecuteJSONTaskTestCase testBasicGETRequest].json"; sourceTree = "<group>"; };
		1748C1971F9406560047BDE0 /* -[ExecuteJSONTaskTestCase testBasicPATCHRequest].json */ = {isa = PBXFileReference; lastKnownFileType = text.json; path = "-[ExecuteJSONTaskTestCase testBasicPATCHRequest].json"; sourceTree = "<group>"; };
		1748C1991F9406760047BDE0 /* -[ExecuteJSONTaskTestCase testBasicPOSTRequest].json */ = {isa = PBXFileReference; lastKnownFileType = text.json; path = "-[ExecuteJSONTaskTestCase testBasicPOSTRequest].json"; sourceTree = "<group>"; };
		1748C1A11F9410C10047BDE0 /* CodableRequestTestCase.swift */ = {isa = PBXFileReference; lastKnownFileType = sourcecode.swift; path = CodableRequestTestCase.swift; sourceTree = "<group>"; };
		1748C1A31F94124F0047BDE0 /* ExecuteCodableRequestTestCase.swift */ = {isa = PBXFileReference; lastKnownFileType = sourcecode.swift; path = ExecuteCodableRequestTestCase.swift; sourceTree = "<group>"; };
		1748C1A91F941D4D0047BDE0 /* -[ExecuteCodableRequestTestCase testBasicGETRequest].json */ = {isa = PBXFileReference; lastKnownFileType = text.json; path = "-[ExecuteCodableRequestTestCase testBasicGETRequest].json"; sourceTree = "<group>"; };
		1748C1AB1F941D660047BDE0 /* -[ExecuteCodableRequestTestCase testBasicPOSTRequest].json */ = {isa = PBXFileReference; lastKnownFileType = text.json; path = "-[ExecuteCodableRequestTestCase testBasicPOSTRequest].json"; sourceTree = "<group>"; };
		1748C1B01F941E860047BDE0 /* -[ExecuteCodableRequestTestCase testBasicPATCHRequest].json */ = {isa = PBXFileReference; lastKnownFileType = text.json; path = "-[ExecuteCodableRequestTestCase testBasicPATCHRequest].json"; sourceTree = "<group>"; };
		17BFC15A1F4B9ABA00998351 /* SwiftyKit_Networking_Tests.xctest */ = {isa = PBXFileReference; explicitFileType = wrapper.cfbundle; includeInIndex = 0; path = SwiftyKit_Networking_Tests.xctest; sourceTree = BUILT_PRODUCTS_DIR; };
		17BFC15E1F4B9ABA00998351 /* Info.plist */ = {isa = PBXFileReference; lastKnownFileType = text.plist.xml; path = Info.plist; sourceTree = "<group>"; };
		17DAEC4C1F3163D500E16EF0 /* PlainViewController.swift */ = {isa = PBXFileReference; lastKnownFileType = sourcecode.swift; path = PlainViewController.swift; sourceTree = "<group>"; };
		17DAEC541F31706D00E16EF0 /* SwiftyKit_ExampleUITests.xctest */ = {isa = PBXFileReference; explicitFileType = wrapper.cfbundle; includeInIndex = 0; path = SwiftyKit_ExampleUITests.xctest; sourceTree = BUILT_PRODUCTS_DIR; };
		17DAEC581F31706D00E16EF0 /* Info.plist */ = {isa = PBXFileReference; lastKnownFileType = text.plist.xml; path = Info.plist; sourceTree = "<group>"; };
		17DAEC5E1F31709700E16EF0 /* PlainViewControllerTestCase.swift */ = {isa = PBXFileReference; lastKnownFileType = sourcecode.swift; path = PlainViewControllerTestCase.swift; sourceTree = "<group>"; };
		17DAEC601F3171AA00E16EF0 /* ErrorViewController.swift */ = {isa = PBXFileReference; lastKnownFileType = sourcecode.swift; path = ErrorViewController.swift; sourceTree = "<group>"; };
		17FF42D51F34E4830039E267 /* ErrorViewControllerTestCase.swift */ = {isa = PBXFileReference; lastKnownFileType = sourcecode.swift; path = ErrorViewControllerTestCase.swift; sourceTree = "<group>"; };
		17FF42D71F34EB710039E267 /* StackingViewTestCase.swift */ = {isa = PBXFileReference; lastKnownFileType = sourcecode.swift; path = StackingViewTestCase.swift; sourceTree = "<group>"; };
		17FF42D91F34EB9C0039E267 /* UserInterfaceTestCase.swift */ = {isa = PBXFileReference; lastKnownFileType = sourcecode.swift; path = UserInterfaceTestCase.swift; sourceTree = "<group>"; };
		17FF42DB1F34FD030039E267 /* WeakObjectSetTestCase.swift */ = {isa = PBXFileReference; lastKnownFileType = sourcecode.swift; path = WeakObjectSetTestCase.swift; sourceTree = "<group>"; };
		17FF42DD1F350A7E0039E267 /* AutoLayoutTestCase.swift */ = {isa = PBXFileReference; lastKnownFileType = sourcecode.swift; path = AutoLayoutTestCase.swift; sourceTree = "<group>"; };
		317A09A1FB80828E1FF54885 /* Pods-SwiftyKit_Networking_Tests.debug.xcconfig */ = {isa = PBXFileReference; includeInIndex = 1; lastKnownFileType = text.xcconfig; name = "Pods-SwiftyKit_Networking_Tests.debug.xcconfig"; path = "../Pods/Target Support Files/Pods-SwiftyKit_Networking_Tests/Pods-SwiftyKit_Networking_Tests.debug.xcconfig"; sourceTree = "<group>"; };
		441DEAAEB6F9F6A267BD50BA /* Pods-SwiftyKit_Tests.debug.xcconfig */ = {isa = PBXFileReference; includeInIndex = 1; lastKnownFileType = text.xcconfig; name = "Pods-SwiftyKit_Tests.debug.xcconfig"; path = "../Pods/Target Support Files/Pods-SwiftyKit_Tests/Pods-SwiftyKit_Tests.debug.xcconfig"; sourceTree = "<group>"; };
		4D4DDFBDBEDF4F89173D2765 /* SwiftyKit.podspec */ = {isa = PBXFileReference; includeInIndex = 1; lastKnownFileType = text; name = SwiftyKit.podspec; path = ../SwiftyKit.podspec; sourceTree = "<group>"; };
		4F46D754BD0A458CE0A24697 /* Pods-SwiftyKit_Networking_Tests.release.xcconfig */ = {isa = PBXFileReference; includeInIndex = 1; lastKnownFileType = text.xcconfig; name = "Pods-SwiftyKit_Networking_Tests.release.xcconfig"; path = "../Pods/Target Support Files/Pods-SwiftyKit_Networking_Tests/Pods-SwiftyKit_Networking_Tests.release.xcconfig"; sourceTree = "<group>"; };
		5AAE726E523F9F9D1993FE09 /* Pods-SwiftyKit_Example.debug.xcconfig */ = {isa = PBXFileReference; includeInIndex = 1; lastKnownFileType = text.xcconfig; name = "Pods-SwiftyKit_Example.debug.xcconfig"; path = "../Pods/Target Support Files/Pods-SwiftyKit_Example/Pods-SwiftyKit_Example.debug.xcconfig"; sourceTree = "<group>"; };
		5F06C842286E6E79327D4DEC /* Pods_SwiftyKit_Tests.framework */ = {isa = PBXFileReference; explicitFileType = wrapper.framework; includeInIndex = 0; path = Pods_SwiftyKit_Tests.framework; sourceTree = BUILT_PRODUCTS_DIR; };
		607FACD01AFB9204008FA782 /* SwiftyKit_Example.app */ = {isa = PBXFileReference; explicitFileType = wrapper.application; includeInIndex = 0; path = SwiftyKit_Example.app; sourceTree = BUILT_PRODUCTS_DIR; };
		607FACD41AFB9204008FA782 /* Info.plist */ = {isa = PBXFileReference; lastKnownFileType = text.plist.xml; path = Info.plist; sourceTree = "<group>"; };
		607FACD51AFB9204008FA782 /* AppDelegate.swift */ = {isa = PBXFileReference; lastKnownFileType = sourcecode.swift; path = AppDelegate.swift; sourceTree = "<group>"; };
		607FACD71AFB9204008FA782 /* ViewController.swift */ = {isa = PBXFileReference; lastKnownFileType = sourcecode.swift; path = ViewController.swift; sourceTree = "<group>"; };
		607FACDA1AFB9204008FA782 /* Base */ = {isa = PBXFileReference; lastKnownFileType = file.storyboard; name = Base; path = Base.lproj/Main.storyboard; sourceTree = "<group>"; };
		607FACDC1AFB9204008FA782 /* Images.xcassets */ = {isa = PBXFileReference; lastKnownFileType = folder.assetcatalog; path = Images.xcassets; sourceTree = "<group>"; };
		607FACDF1AFB9204008FA782 /* Base */ = {isa = PBXFileReference; lastKnownFileType = file.xib; name = Base; path = Base.lproj/LaunchScreen.xib; sourceTree = "<group>"; };
		607FACE51AFB9204008FA782 /* SwiftyKit_Tests.xctest */ = {isa = PBXFileReference; explicitFileType = wrapper.cfbundle; includeInIndex = 0; path = SwiftyKit_Tests.xctest; sourceTree = BUILT_PRODUCTS_DIR; };
		607FACEA1AFB9204008FA782 /* Info.plist */ = {isa = PBXFileReference; lastKnownFileType = text.plist.xml; path = Info.plist; sourceTree = "<group>"; };
		647D1025FEF9F51874F44678 /* README.md */ = {isa = PBXFileReference; includeInIndex = 1; lastKnownFileType = net.daringfireball.markdown; name = README.md; path = ../README.md; sourceTree = "<group>"; };
		8313F9D60B404EC2BFD920D1 /* Pods-SwiftyKit_Tests.release.xcconfig */ = {isa = PBXFileReference; includeInIndex = 1; lastKnownFileType = text.xcconfig; name = "Pods-SwiftyKit_Tests.release.xcconfig"; path = "../Pods/Target Support Files/Pods-SwiftyKit_Tests/Pods-SwiftyKit_Tests.release.xcconfig"; sourceTree = "<group>"; };
		89263C4D530130B811A7F59D /* LICENSE */ = {isa = PBXFileReference; includeInIndex = 1; lastKnownFileType = text; name = LICENSE; path = ../LICENSE; sourceTree = "<group>"; };
		9B0C45F7E5736F8DDD0100E3 /* Pods_SwiftyKit_Networking_Tests.framework */ = {isa = PBXFileReference; explicitFileType = wrapper.framework; includeInIndex = 0; path = Pods_SwiftyKit_Networking_Tests.framework; sourceTree = BUILT_PRODUCTS_DIR; };
/* End PBXFileReference section */

/* Begin PBXFrameworksBuildPhase section */
		17BFC1571F4B9ABA00998351 /* Frameworks */ = {
			isa = PBXFrameworksBuildPhase;
			buildActionMask = 2147483647;
			files = (
				DE2875F5802462C080567656 /* Pods_SwiftyKit_Networking_Tests.framework in Frameworks */,
			);
			runOnlyForDeploymentPostprocessing = 0;
		};
		17DAEC511F31706D00E16EF0 /* Frameworks */ = {
			isa = PBXFrameworksBuildPhase;
			buildActionMask = 2147483647;
			files = (
			);
			runOnlyForDeploymentPostprocessing = 0;
		};
		607FACCD1AFB9204008FA782 /* Frameworks */ = {
			isa = PBXFrameworksBuildPhase;
			buildActionMask = 2147483647;
			files = (
				545024DBCD261C2CCC39D157 /* Pods_SwiftyKit_Example.framework in Frameworks */,
			);
			runOnlyForDeploymentPostprocessing = 0;
		};
		607FACE21AFB9204008FA782 /* Frameworks */ = {
			isa = PBXFrameworksBuildPhase;
			buildActionMask = 2147483647;
			files = (
				38A4B6928626143317B8C1C9 /* Pods_SwiftyKit_Tests.framework in Frameworks */,
			);
			runOnlyForDeploymentPostprocessing = 0;
		};
/* End PBXFrameworksBuildPhase section */

/* Begin PBXGroup section */
		1748C18A1F9403A90047BDE0 /* Fixtures */ = {
			isa = PBXGroup;
			children = (
				1748C1B01F941E860047BDE0 /* -[ExecuteCodableRequestTestCase testBasicPATCHRequest].json */,
				1748C1AB1F941D660047BDE0 /* -[ExecuteCodableRequestTestCase testBasicPOSTRequest].json */,
				1748C1A91F941D4D0047BDE0 /* -[ExecuteCodableRequestTestCase testBasicGETRequest].json */,
				1748C18D1F94043E0047BDE0 /* -[ExecuteDataTaskTestCase testBasicGETRequest].json */,
				1748C1911F9406190047BDE0 /* -[ExecuteDataTaskTestCase testBasicPATCHRequest].json */,
				1748C1931F94062D0047BDE0 /* -[ExecuteDataTaskTestCase testBasicPOSTRequest].json */,
				1748C1951F9406450047BDE0 /* -[ExecuteJSONTaskTestCase testBasicGETRequest].json */,
				1748C1971F9406560047BDE0 /* -[ExecuteJSONTaskTestCase testBasicPATCHRequest].json */,
				1748C1991F9406760047BDE0 /* -[ExecuteJSONTaskTestCase testBasicPOSTRequest].json */,
			);
			path = Fixtures;
			sourceTree = "<group>";
		};
		17BFC15B1F4B9ABA00998351 /* SwiftyKit_Networking_Tests */ = {
			isa = PBXGroup;
			children = (
				1748C1801F93E50F0047BDE0 /* RequestTestCase.swift */,
				1748C1881F93F2220047BDE0 /* JSONRequestTestCase.swift */,
				1748C1821F93E8320047BDE0 /* ExecuteDataTaskTestCase.swift */,
				1748C1A11F9410C10047BDE0 /* CodableRequestTestCase.swift */,
				1748C1A31F94124F0047BDE0 /* ExecuteCodableRequestTestCase.swift */,
				1748C1841F93E87E0047BDE0 /* BasicNetworkTestCase.swift */,
				1748C1861F93F1F40047BDE0 /* ExecuteJSONTaskTestCase.swift */,
				1748C18A1F9403A90047BDE0 /* Fixtures */,
				17BFC15E1F4B9ABA00998351 /* Info.plist */,
			);
			path = SwiftyKit_Networking_Tests;
			sourceTree = "<group>";
		};
		17DAEC551F31706D00E16EF0 /* SwiftyKit_ExampleUITests */ = {
			isa = PBXGroup;
			children = (
				17DAEC5E1F31709700E16EF0 /* PlainViewControllerTestCase.swift */,
				17FF42D51F34E4830039E267 /* ErrorViewControllerTestCase.swift */,
				17DAEC581F31706D00E16EF0 /* Info.plist */,
			);
			path = SwiftyKit_ExampleUITests;
			sourceTree = "<group>";
		};
		28CB2F7CBDDB083EA9D4D856 /* Frameworks */ = {
			isa = PBXGroup;
			children = (
				16D74E51E7478F248FB48C4A /* Pods_SwiftyKit_Example.framework */,
				5F06C842286E6E79327D4DEC /* Pods_SwiftyKit_Tests.framework */,
				9B0C45F7E5736F8DDD0100E3 /* Pods_SwiftyKit_Networking_Tests.framework */,
			);
			name = Frameworks;
			sourceTree = "<group>";
		};
		36B68BC23793E59D99B14A63 /* Pods */ = {
			isa = PBXGroup;
			children = (
				5AAE726E523F9F9D1993FE09 /* Pods-SwiftyKit_Example.debug.xcconfig */,
				15701FDFB91859C27AC2E082 /* Pods-SwiftyKit_Example.release.xcconfig */,
				441DEAAEB6F9F6A267BD50BA /* Pods-SwiftyKit_Tests.debug.xcconfig */,
				8313F9D60B404EC2BFD920D1 /* Pods-SwiftyKit_Tests.release.xcconfig */,
				317A09A1FB80828E1FF54885 /* Pods-SwiftyKit_Networking_Tests.debug.xcconfig */,
				4F46D754BD0A458CE0A24697 /* Pods-SwiftyKit_Networking_Tests.release.xcconfig */,
			);
			name = Pods;
			sourceTree = "<group>";
		};
		607FACC71AFB9204008FA782 = {
			isa = PBXGroup;
			children = (
				607FACF51AFB993E008FA782 /* Podspec Metadata */,
				607FACD21AFB9204008FA782 /* Example for SwiftyKit */,
				607FACE81AFB9204008FA782 /* Tests */,
				17DAEC551F31706D00E16EF0 /* SwiftyKit_ExampleUITests */,
				17BFC15B1F4B9ABA00998351 /* SwiftyKit_Networking_Tests */,
				607FACD11AFB9204008FA782 /* Products */,
				36B68BC23793E59D99B14A63 /* Pods */,
				28CB2F7CBDDB083EA9D4D856 /* Frameworks */,
			);
			sourceTree = "<group>";
		};
		607FACD11AFB9204008FA782 /* Products */ = {
			isa = PBXGroup;
			children = (
				607FACD01AFB9204008FA782 /* SwiftyKit_Example.app */,
				607FACE51AFB9204008FA782 /* SwiftyKit_Tests.xctest */,
				17DAEC541F31706D00E16EF0 /* SwiftyKit_ExampleUITests.xctest */,
				17BFC15A1F4B9ABA00998351 /* SwiftyKit_Networking_Tests.xctest */,
			);
			name = Products;
			sourceTree = "<group>";
		};
		607FACD21AFB9204008FA782 /* Example for SwiftyKit */ = {
			isa = PBXGroup;
			children = (
				607FACD51AFB9204008FA782 /* AppDelegate.swift */,
				607FACD71AFB9204008FA782 /* ViewController.swift */,
				17DAEC4C1F3163D500E16EF0 /* PlainViewController.swift */,
				17DAEC601F3171AA00E16EF0 /* ErrorViewController.swift */,
				607FACD91AFB9204008FA782 /* Main.storyboard */,
				607FACDC1AFB9204008FA782 /* Images.xcassets */,
				607FACDE1AFB9204008FA782 /* LaunchScreen.xib */,
				607FACD31AFB9204008FA782 /* Supporting Files */,
			);
			name = "Example for SwiftyKit";
			path = SwiftyKit;
			sourceTree = "<group>";
		};
		607FACD31AFB9204008FA782 /* Supporting Files */ = {
			isa = PBXGroup;
			children = (
				607FACD41AFB9204008FA782 /* Info.plist */,
			);
			name = "Supporting Files";
			sourceTree = "<group>";
		};
		607FACE81AFB9204008FA782 /* Tests */ = {
			isa = PBXGroup;
			children = (
				17FF42D71F34EB710039E267 /* StackingViewTestCase.swift */,
				17FF42D91F34EB9C0039E267 /* UserInterfaceTestCase.swift */,
				17FF42DB1F34FD030039E267 /* WeakObjectSetTestCase.swift */,
				17FF42DD1F350A7E0039E267 /* AutoLayoutTestCase.swift */,
				607FACE91AFB9204008FA782 /* Supporting Files */,
			);
			path = Tests;
			sourceTree = "<group>";
		};
		607FACE91AFB9204008FA782 /* Supporting Files */ = {
			isa = PBXGroup;
			children = (
				607FACEA1AFB9204008FA782 /* Info.plist */,
			);
			name = "Supporting Files";
			sourceTree = "<group>";
		};
		607FACF51AFB993E008FA782 /* Podspec Metadata */ = {
			isa = PBXGroup;
			children = (
				4D4DDFBDBEDF4F89173D2765 /* SwiftyKit.podspec */,
				647D1025FEF9F51874F44678 /* README.md */,
				89263C4D530130B811A7F59D /* LICENSE */,
			);
			name = "Podspec Metadata";
			sourceTree = "<group>";
		};
/* End PBXGroup section */

/* Begin PBXNativeTarget section */
		17BFC1591F4B9ABA00998351 /* SwiftyKit_Networking_Tests */ = {
			isa = PBXNativeTarget;
			buildConfigurationList = 17BFC1631F4B9ABA00998351 /* Build configuration list for PBXNativeTarget "SwiftyKit_Networking_Tests" */;
			buildPhases = (
				EDA8373C2E33859AD6EB1E05 /* [CP] Check Pods Manifest.lock */,
				17BFC1561F4B9ABA00998351 /* Sources */,
				17BFC1571F4B9ABA00998351 /* Frameworks */,
				17BFC1581F4B9ABA00998351 /* Resources */,
				EC03FE2439EA122BDD8F0FF2 /* [CP] Embed Pods Frameworks */,
				5DE9C2D476C9552993FA6B4A /* [CP] Copy Pods Resources */,
			);
			buildRules = (
			);
			dependencies = (
				17BFC1601F4B9ABA00998351 /* PBXTargetDependency */,
			);
			name = SwiftyKit_Networking_Tests;
			productName = SwiftyKit_Networking_Tests;
			productReference = 17BFC15A1F4B9ABA00998351 /* SwiftyKit_Networking_Tests.xctest */;
			productType = "com.apple.product-type.bundle.unit-test";
		};
		17DAEC531F31706D00E16EF0 /* SwiftyKit_ExampleUITests */ = {
			isa = PBXNativeTarget;
			buildConfigurationList = 17DAEC5D1F31706D00E16EF0 /* Build configuration list for PBXNativeTarget "SwiftyKit_ExampleUITests" */;
			buildPhases = (
				17DAEC501F31706D00E16EF0 /* Sources */,
				17DAEC511F31706D00E16EF0 /* Frameworks */,
				17DAEC521F31706D00E16EF0 /* Resources */,
			);
			buildRules = (
			);
			dependencies = (
				17DAEC5A1F31706D00E16EF0 /* PBXTargetDependency */,
			);
			name = SwiftyKit_ExampleUITests;
			productName = SwiftyKit_ExampleUITests;
			productReference = 17DAEC541F31706D00E16EF0 /* SwiftyKit_ExampleUITests.xctest */;
			productType = "com.apple.product-type.bundle.ui-testing";
		};
		607FACCF1AFB9204008FA782 /* SwiftyKit_Example */ = {
			isa = PBXNativeTarget;
			buildConfigurationList = 607FACEF1AFB9204008FA782 /* Build configuration list for PBXNativeTarget "SwiftyKit_Example" */;
			buildPhases = (
				CF7ECA1987C357759758CE0C /* [CP] Check Pods Manifest.lock */,
				607FACCC1AFB9204008FA782 /* Sources */,
				607FACCD1AFB9204008FA782 /* Frameworks */,
				607FACCE1AFB9204008FA782 /* Resources */,
				A8800E4690F3F21B6E59C98E /* [CP] Embed Pods Frameworks */,
				8D9976C074552CDB54A303CF /* [CP] Copy Pods Resources */,
			);
			buildRules = (
			);
			dependencies = (
			);
			name = SwiftyKit_Example;
			productName = SwiftyKit;
			productReference = 607FACD01AFB9204008FA782 /* SwiftyKit_Example.app */;
			productType = "com.apple.product-type.application";
		};
		607FACE41AFB9204008FA782 /* SwiftyKit_Tests */ = {
			isa = PBXNativeTarget;
			buildConfigurationList = 607FACF21AFB9204008FA782 /* Build configuration list for PBXNativeTarget "SwiftyKit_Tests" */;
			buildPhases = (
				E1362D12BB7C9D19FC856147 /* [CP] Check Pods Manifest.lock */,
				607FACE11AFB9204008FA782 /* Sources */,
				607FACE21AFB9204008FA782 /* Frameworks */,
				607FACE31AFB9204008FA782 /* Resources */,
				F2DA17F5F5D7139EEE0AAADA /* [CP] Embed Pods Frameworks */,
				6698A0B9D00DE03A98DE101A /* [CP] Copy Pods Resources */,
			);
			buildRules = (
			);
			dependencies = (
				607FACE71AFB9204008FA782 /* PBXTargetDependency */,
			);
			name = SwiftyKit_Tests;
			productName = Tests;
			productReference = 607FACE51AFB9204008FA782 /* SwiftyKit_Tests.xctest */;
			productType = "com.apple.product-type.bundle.unit-test";
		};
/* End PBXNativeTarget section */

/* Begin PBXProject section */
		607FACC81AFB9204008FA782 /* Project object */ = {
			isa = PBXProject;
			attributes = {
				LastSwiftUpdateCheck = 0900;
				LastUpgradeCheck = 0900;
				ORGANIZATIONNAME = CocoaPods;
				TargetAttributes = {
					17BFC1591F4B9ABA00998351 = {
						CreatedOnToolsVersion = 9.0;
						DevelopmentTeam = BSKYS9EZN8;
						ProvisioningStyle = Automatic;
					};
					17DAEC531F31706D00E16EF0 = {
						CreatedOnToolsVersion = 9.0;
						DevelopmentTeam = BSKYS9EZN8;
						TestTargetID = 607FACCF1AFB9204008FA782;
					};
					607FACCF1AFB9204008FA782 = {
						CreatedOnToolsVersion = 6.3.1;
						DevelopmentTeam = BSKYS9EZN8;
						LastSwiftMigration = 0900;
					};
					607FACE41AFB9204008FA782 = {
						CreatedOnToolsVersion = 6.3.1;
						DevelopmentTeam = BSKYS9EZN8;
						LastSwiftMigration = 0900;
					};
				};
			};
			buildConfigurationList = 607FACCB1AFB9204008FA782 /* Build configuration list for PBXProject "SwiftyKit" */;
			compatibilityVersion = "Xcode 3.2";
			developmentRegion = English;
			hasScannedForEncodings = 0;
			knownRegions = (
				en,
				Base,
			);
			mainGroup = 607FACC71AFB9204008FA782;
			productRefGroup = 607FACD11AFB9204008FA782 /* Products */;
			projectDirPath = "";
			projectRoot = "";
			targets = (
				607FACCF1AFB9204008FA782 /* SwiftyKit_Example */,
				607FACE41AFB9204008FA782 /* SwiftyKit_Tests */,
				17DAEC531F31706D00E16EF0 /* SwiftyKit_ExampleUITests */,
				17BFC1591F4B9ABA00998351 /* SwiftyKit_Networking_Tests */,
			);
		};
/* End PBXProject section */

/* Begin PBXResourcesBuildPhase section */
		17BFC1581F4B9ABA00998351 /* Resources */ = {
			isa = PBXResourcesBuildPhase;
			buildActionMask = 2147483647;
			files = (
				1748C1B11F941E8B0047BDE0 /* -[ExecuteCodableRequestTestCase testBasicPATCHRequest].json in Resources */,
				1748C1981F9406580047BDE0 /* -[ExecuteJSONTaskTestCase testBasicPATCHRequest].json in Resources */,
				1748C1941F9406300047BDE0 /* -[ExecuteDataTaskTestCase testBasicPOSTRequest].json in Resources */,
				1748C19A1F9406790047BDE0 /* -[ExecuteJSONTaskTestCase testBasicPOSTRequest].json in Resources */,
				1748C1AC1F941D690047BDE0 /* -[ExecuteCodableRequestTestCase testBasicPOSTRequest].json in Resources */,
				1748C1AA1F941D520047BDE0 /* -[ExecuteCodableRequestTestCase testBasicGETRequest].json in Resources */,
				1748C1901F9405E20047BDE0 /* -[ExecuteDataTaskTestCase testBasicGETRequest].json in Resources */,
				1748C1921F94061B0047BDE0 /* -[ExecuteDataTaskTestCase testBasicPATCHRequest].json in Resources */,
				1748C1961F9406470047BDE0 /* -[ExecuteJSONTaskTestCase testBasicGETRequest].json in Resources */,
			);
			runOnlyForDeploymentPostprocessing = 0;
		};
		17DAEC521F31706D00E16EF0 /* Resources */ = {
			isa = PBXResourcesBuildPhase;
			buildActionMask = 2147483647;
			files = (
			);
			runOnlyForDeploymentPostprocessing = 0;
		};
		607FACCE1AFB9204008FA782 /* Resources */ = {
			isa = PBXResourcesBuildPhase;
			buildActionMask = 2147483647;
			files = (
				607FACDB1AFB9204008FA782 /* Main.storyboard in Resources */,
				607FACE01AFB9204008FA782 /* LaunchScreen.xib in Resources */,
				607FACDD1AFB9204008FA782 /* Images.xcassets in Resources */,
			);
			runOnlyForDeploymentPostprocessing = 0;
		};
		607FACE31AFB9204008FA782 /* Resources */ = {
			isa = PBXResourcesBuildPhase;
			buildActionMask = 2147483647;
			files = (
			);
			runOnlyForDeploymentPostprocessing = 0;
		};
/* End PBXResourcesBuildPhase section */

/* Begin PBXShellScriptBuildPhase section */
		5DE9C2D476C9552993FA6B4A /* [CP] Copy Pods Resources */ = {
			isa = PBXShellScriptBuildPhase;
			buildActionMask = 2147483647;
			files = (
			);
			inputPaths = (
			);
			name = "[CP] Copy Pods Resources";
			outputPaths = (
			);
			runOnlyForDeploymentPostprocessing = 0;
			shellPath = /bin/sh;
			shellScript = "\"${SRCROOT}/../Pods/Target Support Files/Pods-SwiftyKit_Networking_Tests/Pods-SwiftyKit_Networking_Tests-resources.sh\"\n";
			showEnvVarsInLog = 0;
		};
		6698A0B9D00DE03A98DE101A /* [CP] Copy Pods Resources */ = {
			isa = PBXShellScriptBuildPhase;
			buildActionMask = 2147483647;
			files = (
			);
			inputPaths = (
			);
			name = "[CP] Copy Pods Resources";
			outputPaths = (
			);
			runOnlyForDeploymentPostprocessing = 0;
			shellPath = /bin/sh;
			shellScript = "\"${SRCROOT}/../Pods/Target Support Files/Pods-SwiftyKit_Tests/Pods-SwiftyKit_Tests-resources.sh\"\n";
			showEnvVarsInLog = 0;
		};
		8D9976C074552CDB54A303CF /* [CP] Copy Pods Resources */ = {
			isa = PBXShellScriptBuildPhase;
			buildActionMask = 2147483647;
			files = (
			);
			inputPaths = (
			);
			name = "[CP] Copy Pods Resources";
			outputPaths = (
			);
			runOnlyForDeploymentPostprocessing = 0;
			shellPath = /bin/sh;
			shellScript = "\"${SRCROOT}/../Pods/Target Support Files/Pods-SwiftyKit_Example/Pods-SwiftyKit_Example-resources.sh\"\n";
			showEnvVarsInLog = 0;
		};
		A8800E4690F3F21B6E59C98E /* [CP] Embed Pods Frameworks */ = {
			isa = PBXShellScriptBuildPhase;
			buildActionMask = 2147483647;
			files = (
			);
			inputPaths = (
				"${SRCROOT}/../Pods/Target Support Files/Pods-SwiftyKit_Example/Pods-SwiftyKit_Example-frameworks.sh",
				"${BUILT_PRODUCTS_DIR}/SwiftyKit/SwiftyKit.framework",
			);
			name = "[CP] Embed Pods Frameworks";
			outputPaths = (
				"${TARGET_BUILD_DIR}/${FRAMEWORKS_FOLDER_PATH}/SwiftyKit.framework",
			);
			runOnlyForDeploymentPostprocessing = 0;
			shellPath = /bin/sh;
			shellScript = "\"${SRCROOT}/../Pods/Target Support Files/Pods-SwiftyKit_Example/Pods-SwiftyKit_Example-frameworks.sh\"\n";
			showEnvVarsInLog = 0;
		};
		CF7ECA1987C357759758CE0C /* [CP] Check Pods Manifest.lock */ = {
			isa = PBXShellScriptBuildPhase;
			buildActionMask = 2147483647;
			files = (
			);
			inputPaths = (
				"${PODS_PODFILE_DIR_PATH}/Podfile.lock",
				"${PODS_ROOT}/Manifest.lock",
			);
			name = "[CP] Check Pods Manifest.lock";
			outputPaths = (
				"$(DERIVED_FILE_DIR)/Pods-SwiftyKit_Example-checkManifestLockResult.txt",
			);
			runOnlyForDeploymentPostprocessing = 0;
			shellPath = /bin/sh;
			shellScript = "diff \"${PODS_PODFILE_DIR_PATH}/Podfile.lock\" \"${PODS_ROOT}/Manifest.lock\" > /dev/null\nif [ $? != 0 ] ; then\n    # print error to STDERR\n    echo \"error: The sandbox is not in sync with the Podfile.lock. Run 'pod install' or update your CocoaPods installation.\" >&2\n    exit 1\nfi\n# This output is used by Xcode 'outputs' to avoid re-running this script phase.\necho \"SUCCESS\" > \"${SCRIPT_OUTPUT_FILE_0}\"\n";
			showEnvVarsInLog = 0;
		};
		E1362D12BB7C9D19FC856147 /* [CP] Check Pods Manifest.lock */ = {
			isa = PBXShellScriptBuildPhase;
			buildActionMask = 2147483647;
			files = (
			);
			inputPaths = (
				"${PODS_PODFILE_DIR_PATH}/Podfile.lock",
				"${PODS_ROOT}/Manifest.lock",
			);
			name = "[CP] Check Pods Manifest.lock";
			outputPaths = (
				"$(DERIVED_FILE_DIR)/Pods-SwiftyKit_Tests-checkManifestLockResult.txt",
			);
			runOnlyForDeploymentPostprocessing = 0;
			shellPath = /bin/sh;
			shellScript = "diff \"${PODS_PODFILE_DIR_PATH}/Podfile.lock\" \"${PODS_ROOT}/Manifest.lock\" > /dev/null\nif [ $? != 0 ] ; then\n    # print error to STDERR\n    echo \"error: The sandbox is not in sync with the Podfile.lock. Run 'pod install' or update your CocoaPods installation.\" >&2\n    exit 1\nfi\n# This output is used by Xcode 'outputs' to avoid re-running this script phase.\necho \"SUCCESS\" > \"${SCRIPT_OUTPUT_FILE_0}\"\n";
			showEnvVarsInLog = 0;
		};
		EC03FE2439EA122BDD8F0FF2 /* [CP] Embed Pods Frameworks */ = {
			isa = PBXShellScriptBuildPhase;
			buildActionMask = 2147483647;
			files = (
			);
			inputPaths = (
				"${SRCROOT}/../Pods/Target Support Files/Pods-SwiftyKit_Networking_Tests/Pods-SwiftyKit_Networking_Tests-frameworks.sh",
				"${BUILT_PRODUCTS_DIR}/SwiftyKit/SwiftyKit.framework",
				"${BUILT_PRODUCTS_DIR}/DVR/DVR.framework",
			);
			name = "[CP] Embed Pods Frameworks";
			outputPaths = (
				"${TARGET_BUILD_DIR}/${FRAMEWORKS_FOLDER_PATH}/SwiftyKit.framework",
				"${TARGET_BUILD_DIR}/${FRAMEWORKS_FOLDER_PATH}/DVR.framework",
			);
			runOnlyForDeploymentPostprocessing = 0;
			shellPath = /bin/sh;
			shellScript = "\"${SRCROOT}/../Pods/Target Support Files/Pods-SwiftyKit_Networking_Tests/Pods-SwiftyKit_Networking_Tests-frameworks.sh\"\n";
			showEnvVarsInLog = 0;
		};
		EDA8373C2E33859AD6EB1E05 /* [CP] Check Pods Manifest.lock */ = {
			isa = PBXShellScriptBuildPhase;
			buildActionMask = 2147483647;
			files = (
			);
			inputPaths = (
				"${PODS_PODFILE_DIR_PATH}/Podfile.lock",
				"${PODS_ROOT}/Manifest.lock",
			);
			name = "[CP] Check Pods Manifest.lock";
			outputPaths = (
				"$(DERIVED_FILE_DIR)/Pods-SwiftyKit_Networking_Tests-checkManifestLockResult.txt",
			);
			runOnlyForDeploymentPostprocessing = 0;
			shellPath = /bin/sh;
			shellScript = "diff \"${PODS_PODFILE_DIR_PATH}/Podfile.lock\" \"${PODS_ROOT}/Manifest.lock\" > /dev/null\nif [ $? != 0 ] ; then\n    # print error to STDERR\n    echo \"error: The sandbox is not in sync with the Podfile.lock. Run 'pod install' or update your CocoaPods installation.\" >&2\n    exit 1\nfi\n# This output is used by Xcode 'outputs' to avoid re-running this script phase.\necho \"SUCCESS\" > \"${SCRIPT_OUTPUT_FILE_0}\"\n";
			showEnvVarsInLog = 0;
		};
		F2DA17F5F5D7139EEE0AAADA /* [CP] Embed Pods Frameworks */ = {
			isa = PBXShellScriptBuildPhase;
			buildActionMask = 2147483647;
			files = (
			);
			inputPaths = (
				"${SRCROOT}/../Pods/Target Support Files/Pods-SwiftyKit_Tests/Pods-SwiftyKit_Tests-frameworks.sh",
				"${BUILT_PRODUCTS_DIR}/SwiftyKit/SwiftyKit.framework",
			);
			name = "[CP] Embed Pods Frameworks";
			outputPaths = (
				"${TARGET_BUILD_DIR}/${FRAMEWORKS_FOLDER_PATH}/SwiftyKit.framework",
			);
			runOnlyForDeploymentPostprocessing = 0;
			shellPath = /bin/sh;
			shellScript = "\"${SRCROOT}/../Pods/Target Support Files/Pods-SwiftyKit_Tests/Pods-SwiftyKit_Tests-frameworks.sh\"\n";
			showEnvVarsInLog = 0;
		};
/* End PBXShellScriptBuildPhase section */

/* Begin PBXSourcesBuildPhase section */
		17BFC1561F4B9ABA00998351 /* Sources */ = {
			isa = PBXSourcesBuildPhase;
			buildActionMask = 2147483647;
			files = (
				1748C1A41F94124F0047BDE0 /* ExecuteCodableRequestTestCase.swift in Sources */,
				1748C1871F93F1F40047BDE0 /* ExecuteJSONTaskTestCase.swift in Sources */,
				1748C1891F93F2230047BDE0 /* JSONRequestTestCase.swift in Sources */,
				1748C1A21F9410C10047BDE0 /* CodableRequestTestCase.swift in Sources */,
				1748C1831F93E8320047BDE0 /* ExecuteDataTaskTestCase.swift in Sources */,
				1748C1811F93E50F0047BDE0 /* RequestTestCase.swift in Sources */,
				1748C1851F93E87E0047BDE0 /* BasicNetworkTestCase.swift in Sources */,
			);
			runOnlyForDeploymentPostprocessing = 0;
		};
		17DAEC501F31706D00E16EF0 /* Sources */ = {
			isa = PBXSourcesBuildPhase;
			buildActionMask = 2147483647;
			files = (
				17FF42D61F34E4830039E267 /* ErrorViewControllerTestCase.swift in Sources */,
				17DAEC5F1F31709700E16EF0 /* PlainViewControllerTestCase.swift in Sources */,
			);
			runOnlyForDeploymentPostprocessing = 0;
		};
		607FACCC1AFB9204008FA782 /* Sources */ = {
			isa = PBXSourcesBuildPhase;
			buildActionMask = 2147483647;
			files = (
				607FACD81AFB9204008FA782 /* ViewController.swift in Sources */,
				17DAEC611F3171AA00E16EF0 /* ErrorViewController.swift in Sources */,
				607FACD61AFB9204008FA782 /* AppDelegate.swift in Sources */,
				17DAEC4D1F3163D500E16EF0 /* PlainViewController.swift in Sources */,
			);
			runOnlyForDeploymentPostprocessing = 0;
		};
		607FACE11AFB9204008FA782 /* Sources */ = {
			isa = PBXSourcesBuildPhase;
			buildActionMask = 2147483647;
			files = (
				17FF42DA1F34EB9C0039E267 /* UserInterfaceTestCase.swift in Sources */,
				17FF42DC1F34FD030039E267 /* WeakObjectSetTestCase.swift in Sources */,
				17FF42DE1F350A7E0039E267 /* AutoLayoutTestCase.swift in Sources */,
				17FF42D81F34EB710039E267 /* StackingViewTestCase.swift in Sources */,
			);
			runOnlyForDeploymentPostprocessing = 0;
		};
/* End PBXSourcesBuildPhase section */

/* Begin PBXTargetDependency section */
		17BFC1601F4B9ABA00998351 /* PBXTargetDependency */ = {
			isa = PBXTargetDependency;
			target = 607FACCF1AFB9204008FA782 /* SwiftyKit_Example */;
			targetProxy = 17BFC15F1F4B9ABA00998351 /* PBXContainerItemProxy */;
		};
		17DAEC5A1F31706D00E16EF0 /* PBXTargetDependency */ = {
			isa = PBXTargetDependency;
			target = 607FACCF1AFB9204008FA782 /* SwiftyKit_Example */;
			targetProxy = 17DAEC591F31706D00E16EF0 /* PBXContainerItemProxy */;
		};
		607FACE71AFB9204008FA782 /* PBXTargetDependency */ = {
			isa = PBXTargetDependency;
			target = 607FACCF1AFB9204008FA782 /* SwiftyKit_Example */;
			targetProxy = 607FACE61AFB9204008FA782 /* PBXContainerItemProxy */;
		};
/* End PBXTargetDependency section */

/* Begin PBXVariantGroup section */
		607FACD91AFB9204008FA782 /* Main.storyboard */ = {
			isa = PBXVariantGroup;
			children = (
				607FACDA1AFB9204008FA782 /* Base */,
			);
			name = Main.storyboard;
			sourceTree = "<group>";
		};
		607FACDE1AFB9204008FA782 /* LaunchScreen.xib */ = {
			isa = PBXVariantGroup;
			children = (
				607FACDF1AFB9204008FA782 /* Base */,
			);
			name = LaunchScreen.xib;
			sourceTree = "<group>";
		};
/* End PBXVariantGroup section */

/* Begin XCBuildConfiguration section */
		17BFC1611F4B9ABA00998351 /* Debug */ = {
			isa = XCBuildConfiguration;
			baseConfigurationReference = 317A09A1FB80828E1FF54885 /* Pods-SwiftyKit_Networking_Tests.debug.xcconfig */;
			buildSettings = {
				CLANG_ANALYZER_NONNULL = YES;
				CLANG_ANALYZER_NUMBER_OBJECT_CONVERSION = YES_AGGRESSIVE;
				CLANG_CXX_LANGUAGE_STANDARD = "gnu++14";
				CLANG_WARN_DOCUMENTATION_COMMENTS = YES;
				CLANG_WARN_UNGUARDED_AVAILABILITY = YES_AGGRESSIVE;
				CODE_SIGN_IDENTITY = "iPhone Developer";
				CODE_SIGN_STYLE = Automatic;
				DEBUG_INFORMATION_FORMAT = dwarf;
				DEVELOPMENT_TEAM = BSKYS9EZN8;
				GCC_C_LANGUAGE_STANDARD = gnu11;
				INFOPLIST_FILE = SwiftyKit_Networking_Tests/Info.plist;
				IPHONEOS_DEPLOYMENT_TARGET = 11.0;
				LD_RUNPATH_SEARCH_PATHS = "$(inherited) @executable_path/Frameworks @loader_path/Frameworks";
				PRODUCT_BUNDLE_IDENTIFIER = "com.PubNub.SwiftyKit-Networking-Tests";
				PRODUCT_NAME = "$(TARGET_NAME)";
				SWIFT_ACTIVE_COMPILATION_CONDITIONS = DEBUG;
				SWIFT_VERSION = 4.0;
				TARGETED_DEVICE_FAMILY = "1,2";
			};
			name = Debug;
		};
		17BFC1621F4B9ABA00998351 /* Release */ = {
			isa = XCBuildConfiguration;
			baseConfigurationReference = 4F46D754BD0A458CE0A24697 /* Pods-SwiftyKit_Networking_Tests.release.xcconfig */;
			buildSettings = {
				CLANG_ANALYZER_NONNULL = YES;
				CLANG_ANALYZER_NUMBER_OBJECT_CONVERSION = YES_AGGRESSIVE;
				CLANG_CXX_LANGUAGE_STANDARD = "gnu++14";
				CLANG_WARN_DOCUMENTATION_COMMENTS = YES;
				CLANG_WARN_UNGUARDED_AVAILABILITY = YES_AGGRESSIVE;
				CODE_SIGN_IDENTITY = "iPhone Developer";
				CODE_SIGN_STYLE = Automatic;
				DEVELOPMENT_TEAM = BSKYS9EZN8;
				GCC_C_LANGUAGE_STANDARD = gnu11;
				INFOPLIST_FILE = SwiftyKit_Networking_Tests/Info.plist;
				IPHONEOS_DEPLOYMENT_TARGET = 11.0;
				LD_RUNPATH_SEARCH_PATHS = "$(inherited) @executable_path/Frameworks @loader_path/Frameworks";
				PRODUCT_BUNDLE_IDENTIFIER = "com.PubNub.SwiftyKit-Networking-Tests";
				PRODUCT_NAME = "$(TARGET_NAME)";
				SWIFT_VERSION = 4.0;
				TARGETED_DEVICE_FAMILY = "1,2";
			};
			name = Release;
		};
		17DAEC5B1F31706D00E16EF0 /* Debug */ = {
			isa = XCBuildConfiguration;
			buildSettings = {
				CLANG_ANALYZER_NONNULL = YES;
				CLANG_ANALYZER_NUMBER_OBJECT_CONVERSION = YES_AGGRESSIVE;
				CLANG_CXX_LANGUAGE_STANDARD = "gnu++14";
				CLANG_WARN_DOCUMENTATION_COMMENTS = YES;
				CLANG_WARN_UNGUARDED_AVAILABILITY = YES_AGGRESSIVE;
				CODE_SIGN_IDENTITY = "iPhone Developer";
				DEBUG_INFORMATION_FORMAT = dwarf;
				DEVELOPMENT_TEAM = BSKYS9EZN8;
				GCC_C_LANGUAGE_STANDARD = gnu11;
				INFOPLIST_FILE = SwiftyKit_ExampleUITests/Info.plist;
				IPHONEOS_DEPLOYMENT_TARGET = 11.0;
				LD_RUNPATH_SEARCH_PATHS = "$(inherited) @executable_path/Frameworks @loader_path/Frameworks";
				PRODUCT_BUNDLE_IDENTIFIER = "com.SwiftyKit-ExampleUITests";
				PRODUCT_NAME = "$(TARGET_NAME)";
				SWIFT_ACTIVE_COMPILATION_CONDITIONS = DEBUG;
				SWIFT_VERSION = 4.0;
				TARGETED_DEVICE_FAMILY = "1,2";
				TEST_TARGET_NAME = SwiftyKit_Example;
			};
			name = Debug;
		};
		17DAEC5C1F31706D00E16EF0 /* Release */ = {
			isa = XCBuildConfiguration;
			buildSettings = {
				CLANG_ANALYZER_NONNULL = YES;
				CLANG_ANALYZER_NUMBER_OBJECT_CONVERSION = YES_AGGRESSIVE;
				CLANG_CXX_LANGUAGE_STANDARD = "gnu++14";
				CLANG_WARN_DOCUMENTATION_COMMENTS = YES;
				CLANG_WARN_UNGUARDED_AVAILABILITY = YES_AGGRESSIVE;
				CODE_SIGN_IDENTITY = "iPhone Developer";
				DEVELOPMENT_TEAM = BSKYS9EZN8;
				GCC_C_LANGUAGE_STANDARD = gnu11;
				INFOPLIST_FILE = SwiftyKit_ExampleUITests/Info.plist;
				IPHONEOS_DEPLOYMENT_TARGET = 11.0;
				LD_RUNPATH_SEARCH_PATHS = "$(inherited) @executable_path/Frameworks @loader_path/Frameworks";
				PRODUCT_BUNDLE_IDENTIFIER = "com.SwiftyKit-ExampleUITests";
				PRODUCT_NAME = "$(TARGET_NAME)";
				SWIFT_VERSION = 4.0;
				TARGETED_DEVICE_FAMILY = "1,2";
				TEST_TARGET_NAME = SwiftyKit_Example;
			};
			name = Release;
		};
		607FACED1AFB9204008FA782 /* Debug */ = {
			isa = XCBuildConfiguration;
			buildSettings = {
				ALWAYS_SEARCH_USER_PATHS = NO;
				CLANG_CXX_LANGUAGE_STANDARD = "gnu++0x";
				CLANG_CXX_LIBRARY = "libc++";
				CLANG_ENABLE_MODULES = YES;
				CLANG_ENABLE_OBJC_ARC = YES;
				CLANG_WARN_BLOCK_CAPTURE_AUTORELEASING = YES;
				CLANG_WARN_BOOL_CONVERSION = YES;
				CLANG_WARN_COMMA = YES;
				CLANG_WARN_CONSTANT_CONVERSION = YES;
				CLANG_WARN_DIRECT_OBJC_ISA_USAGE = YES_ERROR;
				CLANG_WARN_EMPTY_BODY = YES;
				CLANG_WARN_ENUM_CONVERSION = YES;
				CLANG_WARN_INFINITE_RECURSION = YES;
				CLANG_WARN_INT_CONVERSION = YES;
				CLANG_WARN_NON_LITERAL_NULL_CONVERSION = YES;
				CLANG_WARN_OBJC_LITERAL_CONVERSION = YES;
				CLANG_WARN_OBJC_ROOT_CLASS = YES_ERROR;
				CLANG_WARN_RANGE_LOOP_ANALYSIS = YES;
				CLANG_WARN_STRICT_PROTOTYPES = YES;
				CLANG_WARN_SUSPICIOUS_MOVE = YES;
				CLANG_WARN_UNREACHABLE_CODE = YES;
				CLANG_WARN__DUPLICATE_METHOD_MATCH = YES;
				"CODE_SIGN_IDENTITY[sdk=iphoneos*]" = "iPhone Developer";
				COPY_PHASE_STRIP = NO;
				DEBUG_INFORMATION_FORMAT = "dwarf-with-dsym";
				ENABLE_STRICT_OBJC_MSGSEND = YES;
				ENABLE_TESTABILITY = YES;
				GCC_C_LANGUAGE_STANDARD = gnu99;
				GCC_DYNAMIC_NO_PIC = NO;
				GCC_NO_COMMON_BLOCKS = YES;
				GCC_OPTIMIZATION_LEVEL = 0;
				GCC_PREPROCESSOR_DEFINITIONS = (
					"DEBUG=1",
					"$(inherited)",
				);
				GCC_SYMBOLS_PRIVATE_EXTERN = NO;
				GCC_WARN_64_TO_32_BIT_CONVERSION = YES;
				GCC_WARN_ABOUT_RETURN_TYPE = YES_ERROR;
				GCC_WARN_UNDECLARED_SELECTOR = YES;
				GCC_WARN_UNINITIALIZED_AUTOS = YES_AGGRESSIVE;
				GCC_WARN_UNUSED_FUNCTION = YES;
				GCC_WARN_UNUSED_VARIABLE = YES;
				IPHONEOS_DEPLOYMENT_TARGET = 10.0;
				MTL_ENABLE_DEBUG_INFO = YES;
				ONLY_ACTIVE_ARCH = YES;
				SDKROOT = iphoneos;
				SWIFT_OPTIMIZATION_LEVEL = "-Onone";
				SWIFT_SWIFT3_OBJC_INFERENCE = Off;
				SWIFT_VERSION = 4.0;
			};
			name = Debug;
		};
		607FACEE1AFB9204008FA782 /* Release */ = {
			isa = XCBuildConfiguration;
			buildSettings = {
				ALWAYS_SEARCH_USER_PATHS = NO;
				CLANG_CXX_LANGUAGE_STANDARD = "gnu++0x";
				CLANG_CXX_LIBRARY = "libc++";
				CLANG_ENABLE_MODULES = YES;
				CLANG_ENABLE_OBJC_ARC = YES;
				CLANG_WARN_BLOCK_CAPTURE_AUTORELEASING = YES;
				CLANG_WARN_BOOL_CONVERSION = YES;
				CLANG_WARN_COMMA = YES;
				CLANG_WARN_CONSTANT_CONVERSION = YES;
				CLANG_WARN_DIRECT_OBJC_ISA_USAGE = YES_ERROR;
				CLANG_WARN_EMPTY_BODY = YES;
				CLANG_WARN_ENUM_CONVERSION = YES;
				CLANG_WARN_INFINITE_RECURSION = YES;
				CLANG_WARN_INT_CONVERSION = YES;
				CLANG_WARN_NON_LITERAL_NULL_CONVERSION = YES;
				CLANG_WARN_OBJC_LITERAL_CONVERSION = YES;
				CLANG_WARN_OBJC_ROOT_CLASS = YES_ERROR;
				CLANG_WARN_RANGE_LOOP_ANALYSIS = YES;
				CLANG_WARN_STRICT_PROTOTYPES = YES;
				CLANG_WARN_SUSPICIOUS_MOVE = YES;
				CLANG_WARN_UNREACHABLE_CODE = YES;
				CLANG_WARN__DUPLICATE_METHOD_MATCH = YES;
				"CODE_SIGN_IDENTITY[sdk=iphoneos*]" = "iPhone Developer";
				COPY_PHASE_STRIP = NO;
				DEBUG_INFORMATION_FORMAT = "dwarf-with-dsym";
				ENABLE_NS_ASSERTIONS = NO;
				ENABLE_STRICT_OBJC_MSGSEND = YES;
				GCC_C_LANGUAGE_STANDARD = gnu99;
				GCC_NO_COMMON_BLOCKS = YES;
				GCC_WARN_64_TO_32_BIT_CONVERSION = YES;
				GCC_WARN_ABOUT_RETURN_TYPE = YES_ERROR;
				GCC_WARN_UNDECLARED_SELECTOR = YES;
				GCC_WARN_UNINITIALIZED_AUTOS = YES_AGGRESSIVE;
				GCC_WARN_UNUSED_FUNCTION = YES;
				GCC_WARN_UNUSED_VARIABLE = YES;
				IPHONEOS_DEPLOYMENT_TARGET = 10.0;
				MTL_ENABLE_DEBUG_INFO = NO;
				SDKROOT = iphoneos;
				SWIFT_OPTIMIZATION_LEVEL = "-Owholemodule";
				SWIFT_SWIFT3_OBJC_INFERENCE = Off;
				SWIFT_VERSION = 4.0;
				VALIDATE_PRODUCT = YES;
			};
			name = Release;
		};
		607FACF01AFB9204008FA782 /* Debug */ = {
			isa = XCBuildConfiguration;
			baseConfigurationReference = 5AAE726E523F9F9D1993FE09 /* Pods-SwiftyKit_Example.debug.xcconfig */;
			buildSettings = {
				ASSETCATALOG_COMPILER_APPICON_NAME = AppIcon;
				DEVELOPMENT_TEAM = BSKYS9EZN8;
				INFOPLIST_FILE = SwiftyKit/Info.plist;
				IPHONEOS_DEPLOYMENT_TARGET = 10.0;
				LD_RUNPATH_SEARCH_PATHS = "$(inherited) @executable_path/Frameworks";
				MODULE_NAME = ExampleApp;
				PRODUCT_BUNDLE_IDENTIFIER = "org.cocoapods.demo.$(PRODUCT_NAME:rfc1034identifier)";
				PRODUCT_NAME = "$(TARGET_NAME)";
				SWIFT_SWIFT3_OBJC_INFERENCE = Off;
				SWIFT_VERSION = 4.0;
			};
			name = Debug;
		};
		607FACF11AFB9204008FA782 /* Release */ = {
			isa = XCBuildConfiguration;
			baseConfigurationReference = 15701FDFB91859C27AC2E082 /* Pods-SwiftyKit_Example.release.xcconfig */;
			buildSettings = {
				ASSETCATALOG_COMPILER_APPICON_NAME = AppIcon;
				DEVELOPMENT_TEAM = BSKYS9EZN8;
				INFOPLIST_FILE = SwiftyKit/Info.plist;
				IPHONEOS_DEPLOYMENT_TARGET = 10.0;
				LD_RUNPATH_SEARCH_PATHS = "$(inherited) @executable_path/Frameworks";
				MODULE_NAME = ExampleApp;
				PRODUCT_BUNDLE_IDENTIFIER = "org.cocoapods.demo.$(PRODUCT_NAME:rfc1034identifier)";
				PRODUCT_NAME = "$(TARGET_NAME)";
				SWIFT_SWIFT3_OBJC_INFERENCE = Off;
				SWIFT_VERSION = 4.0;
			};
			name = Release;
		};
		607FACF31AFB9204008FA782 /* Debug */ = {
			isa = XCBuildConfiguration;
			baseConfigurationReference = 441DEAAEB6F9F6A267BD50BA /* Pods-SwiftyKit_Tests.debug.xcconfig */;
			buildSettings = {
				DEVELOPMENT_TEAM = BSKYS9EZN8;
				GCC_PREPROCESSOR_DEFINITIONS = (
					"DEBUG=1",
					"$(inherited)",
				);
				INFOPLIST_FILE = Tests/Info.plist;
				LD_RUNPATH_SEARCH_PATHS = "$(inherited) @executable_path/Frameworks @loader_path/Frameworks";
				PRODUCT_BUNDLE_IDENTIFIER = "org.cocoapods.$(PRODUCT_NAME:rfc1034identifier)";
				PRODUCT_NAME = "$(TARGET_NAME)";
				SWIFT_SWIFT3_OBJC_INFERENCE = Off;
				SWIFT_VERSION = 4.0;
			};
			name = Debug;
		};
		607FACF41AFB9204008FA782 /* Release */ = {
			isa = XCBuildConfiguration;
			baseConfigurationReference = 8313F9D60B404EC2BFD920D1 /* Pods-SwiftyKit_Tests.release.xcconfig */;
			buildSettings = {
				DEVELOPMENT_TEAM = BSKYS9EZN8;
				INFOPLIST_FILE = Tests/Info.plist;
				LD_RUNPATH_SEARCH_PATHS = "$(inherited) @executable_path/Frameworks @loader_path/Frameworks";
				PRODUCT_BUNDLE_IDENTIFIER = "org.cocoapods.$(PRODUCT_NAME:rfc1034identifier)";
				PRODUCT_NAME = "$(TARGET_NAME)";
				SWIFT_SWIFT3_OBJC_INFERENCE = Off;
				SWIFT_VERSION = 4.0;
			};
			name = Release;
		};
/* End XCBuildConfiguration section */

/* Begin XCConfigurationList section */
		17BFC1631F4B9ABA00998351 /* Build configuration list for PBXNativeTarget "SwiftyKit_Networking_Tests" */ = {
			isa = XCConfigurationList;
			buildConfigurations = (
				17BFC1611F4B9ABA00998351 /* Debug */,
				17BFC1621F4B9ABA00998351 /* Release */,
			);
			defaultConfigurationIsVisible = 0;
			defaultConfigurationName = Release;
		};
		17DAEC5D1F31706D00E16EF0 /* Build configuration list for PBXNativeTarget "SwiftyKit_ExampleUITests" */ = {
			isa = XCConfigurationList;
			buildConfigurations = (
				17DAEC5B1F31706D00E16EF0 /* Debug */,
				17DAEC5C1F31706D00E16EF0 /* Release */,
			);
			defaultConfigurationIsVisible = 0;
			defaultConfigurationName = Release;
		};
		607FACCB1AFB9204008FA782 /* Build configuration list for PBXProject "SwiftyKit" */ = {
			isa = XCConfigurationList;
			buildConfigurations = (
				607FACED1AFB9204008FA782 /* Debug */,
				607FACEE1AFB9204008FA782 /* Release */,
			);
			defaultConfigurationIsVisible = 0;
			defaultConfigurationName = Release;
		};
		607FACEF1AFB9204008FA782 /* Build configuration list for PBXNativeTarget "SwiftyKit_Example" */ = {
			isa = XCConfigurationList;
			buildConfigurations = (
				607FACF01AFB9204008FA782 /* Debug */,
				607FACF11AFB9204008FA782 /* Release */,
			);
			defaultConfigurationIsVisible = 0;
			defaultConfigurationName = Release;
		};
		607FACF21AFB9204008FA782 /* Build configuration list for PBXNativeTarget "SwiftyKit_Tests" */ = {
			isa = XCConfigurationList;
			buildConfigurations = (
				607FACF31AFB9204008FA782 /* Debug */,
				607FACF41AFB9204008FA782 /* Release */,
			);
			defaultConfigurationIsVisible = 0;
			defaultConfigurationName = Release;
		};
/* End XCConfigurationList section */
	};
	rootObject = 607FACC81AFB9204008FA782 /* Project object */;
}
